{
  "pins" : [
    {
      "identity" : "digitentryview",
      "kind" : "remoteSourceControl",
      "location" : "https://github.com/iAmrMohamed/DigitEntryView.git",
      "state" : {
        "revision" : "00a1d4aa08103e168155da05cc20f3c2c394155c",
        "version" : "1.0.3"
      }
    }
  ],
  "version" : 2
}
