// !$*UTF8*$!
{
	archiveVersion = 1;
	classes = {
	};
	objectVersion = 56;
	objects = {

/* Begin PBXBuildFile section */
		0B9FCD08A48C8E53FD4EBB13 /* Pods_LaundryApp.framework in Frameworks */ = {isa = PBXBuildFile; fileRef = EEF49D695802B4FC24A5E2C7 /* Pods_LaundryApp.framework */; };
		FA7B8CE72DDD9ECC00CF23E7 /* BasketVC.swift in Sources */ = {isa = PBXBuildFile; fileRef = FA7B8CE62DDD9ECC00CF23E7 /* BasketVC.swift */; };
		FA7B8CEA2DDEEA6800CF23E7 /* CartTableViewCell.swift in Sources */ = {isa = PBXBuildFile; fileRef = FA7B8CE82DDEEA6800CF23E7 /* CartTableViewCell.swift */; };
		FA7B8CEB2DDEEA6800CF23E7 /* CartTableViewCell.xib in Resources */ = {isa = PBXBuildFile; fileRef = FA7B8CE92DDEEA6800CF23E7 /* CartTableViewCell.xib */; };
		FA8445942DD871BF002A220E /* clothsCollectionViewCell.swift in Sources */ = {isa = PBXBuildFile; fileRef = FA8445922DD871BF002A220E /* clothsCollectionViewCell.swift */; };
		FA8445952DD871BF002A220E /* clothsCollectionViewCell.xib in Resources */ = {isa = PBXBuildFile; fileRef = FA8445932DD871BF002A220E /* clothsCollectionViewCell.xib */; };
		FA8D686F2DDB472E00CF8FAE /* DigitEntryView in Frameworks */ = {isa = PBXBuildFile; productRef = FA8D686E2DDB472E00CF8FAE /* DigitEntryView */; };
		FAB324792DDF44830083EA3B /* cartSectionTableViewCell.swift in Sources */ = {isa = PBXBuildFile; fileRef = FAB324772DDF44830083EA3B /* cartSectionTableViewCell.swift */; };
		FAB3247A2DDF44830083EA3B /* cartSectionTableViewCell.xib in Resources */ = {isa = PBXBuildFile; fileRef = FAB324782DDF44830083EA3B /* cartSectionTableViewCell.xib */; };
		FAF4934F2DD73AAE008A3034 /* AppDelegate.swift in Sources */ = {isa = PBXBuildFile; fileRef = FAF4934E2DD73AAE008A3034 /* AppDelegate.swift */; };
		FAF493512DD73AAE008A3034 /* SceneDelegate.swift in Sources */ = {isa = PBXBuildFile; fileRef = FAF493502DD73AAE008A3034 /* SceneDelegate.swift */; };
		FAF493562DD73AAE008A3034 /* Main.storyboard in Resources */ = {isa = PBXBuildFile; fileRef = FAF493542DD73AAE008A3034 /* Main.storyboard */; };
		FAF493592DD73AAE008A3034 /* LaundryApp.xcdatamodeld in Sources */ = {isa = PBXBuildFile; fileRef = FAF493572DD73AAE008A3034 /* LaundryApp.xcdatamodeld */; };
		FAF4935B2DD73AB0008A3034 /* Assets.xcassets in Resources */ = {isa = PBXBuildFile; fileRef = FAF4935A2DD73AB0008A3034 /* Assets.xcassets */; };
		FAF4935E2DD73AB0008A3034 /* LaunchScreen.storyboard in Resources */ = {isa = PBXBuildFile; fileRef = FAF4935C2DD73AB0008A3034 /* LaunchScreen.storyboard */; };
		FAF493662DD73B27008A3034 /* HomeVC.swift in Sources */ = {isa = PBXBuildFile; fileRef = FAF493652DD73B27008A3034 /* HomeVC.swift */; };
		FAF493682DD73E41008A3034 /* Extensions.swift in Sources */ = {isa = PBXBuildFile; fileRef = FAF493672DD73E41008A3034 /* Extensions.swift */; };
/* End PBXBuildFile section */

/* Begin PBXFileReference section */
		694ADCDEE899CE1F477A1F83 /* Pods-LaundryApp.release.xcconfig */ = {isa = PBXFileReference; includeInIndex = 1; lastKnownFileType = text.xcconfig; name = "Pods-LaundryApp.release.xcconfig"; path = "Target Support Files/Pods-LaundryApp/Pods-LaundryApp.release.xcconfig"; sourceTree = "<group>"; };
		DF3EC59036E6903779101D58 /* Pods-LaundryApp.debug.xcconfig */ = {isa = PBXFileReference; includeInIndex = 1; lastKnownFileType = text.xcconfig; name = "Pods-LaundryApp.debug.xcconfig"; path = "Target Support Files/Pods-LaundryApp/Pods-LaundryApp.debug.xcconfig"; sourceTree = "<group>"; };
		EEF49D695802B4FC24A5E2C7 /* Pods_LaundryApp.framework */ = {isa = PBXFileReference; explicitFileType = wrapper.framework; includeInIndex = 0; path = Pods_LaundryApp.framework; sourceTree = BUILT_PRODUCTS_DIR; };
		FA7B8CE62DDD9ECC00CF23E7 /* BasketVC.swift */ = {isa = PBXFileReference; lastKnownFileType = sourcecode.swift; path = BasketVC.swift; sourceTree = "<group>"; };
		FA7B8CE82DDEEA6800CF23E7 /* CartTableViewCell.swift */ = {isa = PBXFileReference; lastKnownFileType = sourcecode.swift; path = CartTableViewCell.swift; sourceTree = "<group>"; };
		FA7B8CE92DDEEA6800CF23E7 /* CartTableViewCell.xib */ = {isa = PBXFileReference; lastKnownFileType = file.xib; path = CartTableViewCell.xib; sourceTree = "<group>"; };
		FA8445922DD871BF002A220E /* clothsCollectionViewCell.swift */ = {isa = PBXFileReference; lastKnownFileType = sourcecode.swift; path = clothsCollectionViewCell.swift; sourceTree = "<group>"; };
		FA8445932DD871BF002A220E /* clothsCollectionViewCell.xib */ = {isa = PBXFileReference; lastKnownFileType = file.xib; path = clothsCollectionViewCell.xib; sourceTree = "<group>"; };
		FAB324772DDF44830083EA3B /* cartSectionTableViewCell.swift */ = {isa = PBXFileReference; lastKnownFileType = sourcecode.swift; path = cartSectionTableViewCell.swift; sourceTree = "<group>"; };
		FAB324782DDF44830083EA3B /* cartSectionTableViewCell.xib */ = {isa = PBXFileReference; lastKnownFileType = file.xib; path = cartSectionTableViewCell.xib; sourceTree = "<group>"; };
		FAF4934B2DD73AAE008A3034 /* LaundryApp.app */ = {isa = PBXFileReference; explicitFileType = wrapper.application; includeInIndex = 0; path = LaundryApp.app; sourceTree = BUILT_PRODUCTS_DIR; };
		FAF4934E2DD73AAE008A3034 /* AppDelegate.swift */ = {isa = PBXFileReference; lastKnownFileType = sourcecode.swift; path = AppDelegate.swift; sourceTree = "<group>"; };
		FAF493502DD73AAE008A3034 /* SceneDelegate.swift */ = {isa = PBXFileReference; lastKnownFileType = sourcecode.swift; path = SceneDelegate.swift; sourceTree = "<group>"; };
		FAF493552DD73AAE008A3034 /* Base */ = {isa = PBXFileReference; lastKnownFileType = file.storyboard; name = Base; path = Base.lproj/Main.storyboard; sourceTree = "<group>"; };
		FAF493582DD73AAE008A3034 /* LaundryApp.xcdatamodel */ = {isa = PBXFileReference; lastKnownFileType = wrapper.xcdatamodel; path = LaundryApp.xcdatamodel; sourceTree = "<group>"; };
		FAF4935A2DD73AB0008A3034 /* Assets.xcassets */ = {isa = PBXFileReference; lastKnownFileType = folder.assetcatalog; path = Assets.xcassets; sourceTree = "<group>"; };
		FAF4935D2DD73AB0008A3034 /* Base */ = {isa = PBXFileReference; lastKnownFileType = file.storyboard; name = Base; path = Base.lproj/LaunchScreen.storyboard; sourceTree = "<group>"; };
		FAF4935F2DD73AB0008A3034 /* Info.plist */ = {isa = PBXFileReference; lastKnownFileType = text.plist.xml; path = Info.plist; sourceTree = "<group>"; };
		FAF493652DD73B27008A3034 /* HomeVC.swift */ = {isa = PBXFileReference; lastKnownFileType = sourcecode.swift; path = HomeVC.swift; sourceTree = "<group>"; };
		FAF493672DD73E41008A3034 /* Extensions.swift */ = {isa = PBXFileReference; fileEncoding = 4; lastKnownFileType = sourcecode.swift; path = Extensions.swift; sourceTree = "<group>"; };
/* End PBXFileReference section */

/* Begin PBXFrameworksBuildPhase section */
		FAF493482DD73AAE008A3034 /* Frameworks */ = {
			isa = PBXFrameworksBuildPhase;
			buildActionMask = 2147483647;
			files = (
				FA8D686F2DDB472E00CF8FAE /* DigitEntryView in Frameworks */,
				0B9FCD08A48C8E53FD4EBB13 /* Pods_LaundryApp.framework in Frameworks */,
			);
			runOnlyForDeploymentPostprocessing = 0;
		};
/* End PBXFrameworksBuildPhase section */

/* Begin PBXGroup section */
		189E5C48C7FDD6DDCC34B7BB /* Frameworks */ = {
			isa = PBXGroup;
			children = (
				EEF49D695802B4FC24A5E2C7 /* Pods_LaundryApp.framework */,
			);
			name = Frameworks;
			sourceTree = "<group>";
		};
		3E6F97323E9D9F4EC5263BE1 /* Pods */ = {
			isa = PBXGroup;
			children = (
				DF3EC59036E6903779101D58 /* Pods-LaundryApp.debug.xcconfig */,
				694ADCDEE899CE1F477A1F83 /* Pods-LaundryApp.release.xcconfig */,
			);
			path = Pods;
			sourceTree = "<group>";
		};
		FAF493422DD73AAD008A3034 = {
			isa = PBXGroup;
			children = (
				FAF4934D2DD73AAE008A3034 /* LaundryApp */,
				FAF4934C2DD73AAE008A3034 /* Products */,
				3E6F97323E9D9F4EC5263BE1 /* Pods */,
				189E5C48C7FDD6DDCC34B7BB /* Frameworks */,
			);
			sourceTree = "<group>";
		};
		FAF4934C2DD73AAE008A3034 /* Products */ = {
			isa = PBXGroup;
			children = (
				FAF4934B2DD73AAE008A3034 /* LaundryApp.app */,
			);
			name = Products;
			sourceTree = "<group>";
		};
		FAF4934D2DD73AAE008A3034 /* LaundryApp */ = {
			isa = PBXGroup;
			children = (
				FAF4934E2DD73AAE008A3034 /* AppDelegate.swift */,
				FAF493672DD73E41008A3034 /* Extensions.swift */,
				FAF493502DD73AAE008A3034 /* SceneDelegate.swift */,
				FAF493652DD73B27008A3034 /* HomeVC.swift */,
				FA7B8CE62DDD9ECC00CF23E7 /* BasketVC.swift */,
				FAF493542DD73AAE008A3034 /* Main.storyboard */,
				FAF4935A2DD73AB0008A3034 /* Assets.xcassets */,
				FAF4935C2DD73AB0008A3034 /* LaunchScreen.storyboard */,
				FAF4935F2DD73AB0008A3034 /* Info.plist */,
				FAF493572DD73AAE008A3034 /* LaundryApp.xcdatamodeld */,
				FA8445922DD871BF002A220E /* clothsCollectionViewCell.swift */,
				FA8445932DD871BF002A220E /* clothsCollectionViewCell.xib */,
				FA7B8CE82DDEEA6800CF23E7 /* CartTableViewCell.swift */,
				FA7B8CE92DDEEA6800CF23E7 /* CartTableViewCell.xib */,
				FAB324772DDF44830083EA3B /* cartSectionTableViewCell.swift */,
				FAB324782DDF44830083EA3B /* cartSectionTableViewCell.xib */,
			);
			path = LaundryApp;
			sourceTree = "<group>";
		};
/* End PBXGroup section */

/* Begin PBXNativeTarget section */
		FAF4934A2DD73AAE008A3034 /* LaundryApp */ = {
			isa = PBXNativeTarget;
			buildConfigurationList = FAF493622DD73AB0008A3034 /* Build configuration list for PBXNativeTarget "LaundryApp" */;
			buildPhases = (
				B8FB8AC3FB49AC571216125A /* [CP] Check Pods Manifest.lock */,
				FAF493472DD73AAE008A3034 /* Sources */,
				FAF493482DD73AAE008A3034 /* Frameworks */,
				FAF493492DD73AAE008A3034 /* Resources */,
			);
			buildRules = (
			);
			dependencies = (
			);
			name = LaundryApp;
			packageProductDependencies = (
				FA8D686E2DDB472E00CF8FAE /* DigitEntryView */,
			);
			productName = LaundryApp;
			productReference = FAF4934B2DD73AAE008A3034 /* LaundryApp.app */;
			productType = "com.apple.product-type.application";
		};
/* End PBXNativeTarget section */

/* Begin PBXProject section */
		FAF493432DD73AAD008A3034 /* Project object */ = {
			isa = PBXProject;
			attributes = {
				BuildIndependentTargetsInParallel = 1;
				LastSwiftUpdateCheck = 1520;
				LastUpgradeCheck = 1520;
				TargetAttributes = {
					FAF4934A2DD73AAE008A3034 = {
						CreatedOnToolsVersion = 15.2;
					};
				};
			};
			buildConfigurationList = FAF493462DD73AAD008A3034 /* Build configuration list for PBXProject "LaundryApp" */;
			compatibilityVersion = "Xcode 14.0";
			developmentRegion = en;
			hasScannedForEncodings = 0;
			knownRegions = (
				en,
				Base,
			);
			mainGroup = FAF493422DD73AAD008A3034;
			packageReferences = (
				FA8D686D2DDB472E00CF8FAE /* XCRemoteSwiftPackageReference "DigitEntryView" */,
			);
			productRefGroup = FAF4934C2DD73AAE008A3034 /* Products */;
			projectDirPath = "";
			projectRoot = "";
			targets = (
				FAF4934A2DD73AAE008A3034 /* LaundryApp */,
			);
		};
/* End PBXProject section */

/* Begin PBXResourcesBuildPhase section */
		FAF493492DD73AAE008A3034 /* Resources */ = {
			isa = PBXResourcesBuildPhase;
			buildActionMask = 2147483647;
			files = (
				FA7B8CEB2DDEEA6800CF23E7 /* CartTableViewCell.xib in Resources */,
				FAF4935E2DD73AB0008A3034 /* LaunchScreen.storyboard in Resources */,
				FA8445952DD871BF002A220E /* clothsCollectionViewCell.xib in Resources */,
				FAF4935B2DD73AB0008A3034 /* Assets.xcassets in Resources */,
				FAF493562DD73AAE008A3034 /* Main.storyboard in Resources */,
				FAB3247A2DDF44830083EA3B /* cartSectionTableViewCell.xib in Resources */,
			);
			runOnlyForDeploymentPostprocessing = 0;
		};
/* End PBXResourcesBuildPhase section */

/* Begin PBXShellScriptBuildPhase section */
		B8FB8AC3FB49AC571216125A /* [CP] Check Pods Manifest.lock */ = {
			isa = PBXShellScriptBuildPhase;
			buildActionMask = 2147483647;
			files = (
			);
			inputFileListPaths = (
			);
			inputPaths = (
				"${PODS_PODFILE_DIR_PATH}/Podfile.lock",
				"${PODS_ROOT}/Manifest.lock",
			);
			name = "[CP] Check Pods Manifest.lock";
			outputFileListPaths = (
			);
			outputPaths = (
				"$(DERIVED_FILE_DIR)/Pods-LaundryApp-checkManifestLockResult.txt",
			);
			runOnlyForDeploymentPostprocessing = 0;
			shellPath = /bin/sh;
			shellScript = "diff \"${PODS_PODFILE_DIR_PATH}/Podfile.lock\" \"${PODS_ROOT}/Manifest.lock\" > /dev/null\nif [ $? != 0 ] ; then\n    # print error to STDERR\n    echo \"error: The sandbox is not in sync with the Podfile.lock. Run 'pod install' or update your CocoaPods installation.\" >&2\n    exit 1\nfi\n# This output is used by Xcode 'outputs' to avoid re-running this script phase.\necho \"SUCCESS\" > \"${SCRIPT_OUTPUT_FILE_0}\"\n";
			showEnvVarsInLog = 0;
		};
/* End PBXShellScriptBuildPhase section */

/* Begin PBXSourcesBuildPhase section */
		FAF493472DD73AAE008A3034 /* Sources */ = {
			isa = PBXSourcesBuildPhase;
			buildActionMask = 2147483647;
			files = (
				FAF493682DD73E41008A3034 /* Extensions.swift in Sources */,
				FAF4934F2DD73AAE008A3034 /* AppDelegate.swift in Sources */,
				FAB324792DDF44830083EA3B /* cartSectionTableViewCell.swift in Sources */,
				FAF493662DD73B27008A3034 /* HomeVC.swift in Sources */,
				FAF493512DD73AAE008A3034 /* SceneDelegate.swift in Sources */,
				FAF493592DD73AAE008A3034 /* LaundryApp.xcdatamodeld in Sources */,
				FA7B8CE72DDD9ECC00CF23E7 /* BasketVC.swift in Sources */,
				FA8445942DD871BF002A220E /* clothsCollectionViewCell.swift in Sources */,
				FA7B8CEA2DDEEA6800CF23E7 /* CartTableViewCell.swift in Sources */,
			);
			runOnlyForDeploymentPostprocessing = 0;
		};
/* End PBXSourcesBuildPhase section */

/* Begin PBXVariantGroup section */
		FAF493542DD73AAE008A3034 /* Main.storyboard */ = {
			isa = PBXVariantGroup;
			children = (
				FAF493552DD73AAE008A3034 /* Base */,
			);
			name = Main.storyboard;
			sourceTree = "<group>";
		};
		FAF4935C2DD73AB0008A3034 /* LaunchScreen.storyboard */ = {
			isa = PBXVariantGroup;
			children = (
				FAF4935D2DD73AB0008A3034 /* Base */,
			);
			name = LaunchScreen.storyboard;
			sourceTree = "<group>";
		};
/* End PBXVariantGroup section */

/* Begin XCBuildConfiguration section */
		FAF493602DD73AB0008A3034 /* Debug */ = {
			isa = XCBuildConfiguration;
			buildSettings = {
				ALWAYS_SEARCH_USER_PATHS = NO;
				ASSETCATALOG_COMPILER_GENERATE_SWIFT_ASSET_SYMBOL_EXTENSIONS = YES;
				CLANG_ANALYZER_NONNULL = YES;
				CLANG_ANALYZER_NUMBER_OBJECT_CONVERSION = YES_AGGRESSIVE;
				CLANG_CXX_LANGUAGE_STANDARD = "gnu++20";
				CLANG_ENABLE_MODULES = YES;
				CLANG_ENABLE_OBJC_ARC = YES;
				CLANG_ENABLE_OBJC_WEAK = YES;
				CLANG_WARN_BLOCK_CAPTURE_AUTORELEASING = YES;
				CLANG_WARN_BOOL_CONVERSION = YES;
				CLANG_WARN_COMMA = YES;
				CLANG_WARN_CONSTANT_CONVERSION = YES;
				CLANG_WARN_DEPRECATED_OBJC_IMPLEMENTATIONS = YES;
				CLANG_WARN_DIRECT_OBJC_ISA_USAGE = YES_ERROR;
				CLANG_WARN_DOCUMENTATION_COMMENTS = YES;
				CLANG_WARN_EMPTY_BODY = YES;
				CLANG_WARN_ENUM_CONVERSION = YES;
				CLANG_WARN_INFINITE_RECURSION = YES;
				CLANG_WARN_INT_CONVERSION = YES;
				CLANG_WARN_NON_LITERAL_NULL_CONVERSION = YES;
				CLANG_WARN_OBJC_IMPLICIT_RETAIN_SELF = YES;
				CLANG_WARN_OBJC_LITERAL_CONVERSION = YES;
				CLANG_WARN_OBJC_ROOT_CLASS = YES_ERROR;
				CLANG_WARN_QUOTED_INCLUDE_IN_FRAMEWORK_HEADER = YES;
				CLANG_WARN_RANGE_LOOP_ANALYSIS = YES;
				CLANG_WARN_STRICT_PROTOTYPES = YES;
				CLANG_WARN_SUSPICIOUS_MOVE = YES;
				CLANG_WARN_UNGUARDED_AVAILABILITY = YES_AGGRESSIVE;
				CLANG_WARN_UNREACHABLE_CODE = YES;
				CLANG_WARN__DUPLICATE_METHOD_MATCH = YES;
				COPY_PHASE_STRIP = NO;
				DEBUG_INFORMATION_FORMAT = dwarf;
				ENABLE_STRICT_OBJC_MSGSEND = YES;
				ENABLE_TESTABILITY = YES;
				ENABLE_USER_SCRIPT_SANDBOXING = YES;
				GCC_C_LANGUAGE_STANDARD = gnu17;
				GCC_DYNAMIC_NO_PIC = NO;
				GCC_NO_COMMON_BLOCKS = YES;
				GCC_OPTIMIZATION_LEVEL = 0;
				GCC_PREPROCESSOR_DEFINITIONS = (
					"DEBUG=1",
					"$(inherited)",
				);
				GCC_WARN_64_TO_32_BIT_CONVERSION = YES;
				GCC_WARN_ABOUT_RETURN_TYPE = YES_ERROR;
				GCC_WARN_UNDECLARED_SELECTOR = YES;
				GCC_WARN_UNINITIALIZED_AUTOS = YES_AGGRESSIVE;
				GCC_WARN_UNUSED_FUNCTION = YES;
				GCC_WARN_UNUSED_VARIABLE = YES;
				IPHONEOS_DEPLOYMENT_TARGET = 17.2;
				LOCALIZATION_PREFERS_STRING_CATALOGS = YES;
				MTL_ENABLE_DEBUG_INFO = INCLUDE_SOURCE;
				MTL_FAST_MATH = YES;
				ONLY_ACTIVE_ARCH = YES;
				SDKROOT = iphoneos;
				SWIFT_ACTIVE_COMPILATION_CONDITIONS = "DEBUG $(inherited)";
				SWIFT_OPTIMIZATION_LEVEL = "-Onone";
			};
			name = Debug;
		};
		FAF493612DD73AB0008A3034 /* Release */ = {
			isa = XCBuildConfiguration;
			buildSettings = {
				ALWAYS_SEARCH_USER_PATHS = NO;
				ASSETCATALOG_COMPILER_GENERATE_SWIFT_ASSET_SYMBOL_EXTENSIONS = YES;
				CLANG_ANALYZER_NONNULL = YES;
				CLANG_ANALYZER_NUMBER_OBJECT_CONVERSION = YES_AGGRESSIVE;
				CLANG_CXX_LANGUAGE_STANDARD = "gnu++20";
				CLANG_ENABLE_MODULES = YES;
				CLANG_ENABLE_OBJC_ARC = YES;
				CLANG_ENABLE_OBJC_WEAK = YES;
				CLANG_WARN_BLOCK_CAPTURE_AUTORELEASING = YES;
				CLANG_WARN_BOOL_CONVERSION = YES;
				CLANG_WARN_COMMA = YES;
				CLANG_WARN_CONSTANT_CONVERSION = YES;
				CLANG_WARN_DEPRECATED_OBJC_IMPLEMENTATIONS = YES;
				CLANG_WARN_DIRECT_OBJC_ISA_USAGE = YES_ERROR;
				CLANG_WARN_DOCUMENTATION_COMMENTS = YES;
				CLANG_WARN_EMPTY_BODY = YES;
				CLANG_WARN_ENUM_CONVERSION = YES;
				CLANG_WARN_INFINITE_RECURSION = YES;
				CLANG_WARN_INT_CONVERSION = YES;
				CLANG_WARN_NON_LITERAL_NULL_CONVERSION = YES;
				CLANG_WARN_OBJC_IMPLICIT_RETAIN_SELF = YES;
				CLANG_WARN_OBJC_LITERAL_CONVERSION = YES;
				CLANG_WARN_OBJC_ROOT_CLASS = YES_ERROR;
				CLANG_WARN_QUOTED_INCLUDE_IN_FRAMEWORK_HEADER = YES;
				CLANG_WARN_RANGE_LOOP_ANALYSIS = YES;
				CLANG_WARN_STRICT_PROTOTYPES = YES;
				CLANG_WARN_SUSPICIOUS_MOVE = YES;
				CLANG_WARN_UNGUARDED_AVAILABILITY = YES_AGGRESSIVE;
				CLANG_WARN_UNREACHABLE_CODE = YES;
				CLANG_WARN__DUPLICATE_METHOD_MATCH = YES;
				COPY_PHASE_STRIP = NO;
				DEBUG_INFORMATION_FORMAT = "dwarf-with-dsym";
				ENABLE_NS_ASSERTIONS = NO;
				ENABLE_STRICT_OBJC_MSGSEND = YES;
				ENABLE_USER_SCRIPT_SANDBOXING = YES;
				GCC_C_LANGUAGE_STANDARD = gnu17;
				GCC_NO_COMMON_BLOCKS = YES;
				GCC_WARN_64_TO_32_BIT_CONVERSION = YES;
				GCC_WARN_ABOUT_RETURN_TYPE = YES_ERROR;
				GCC_WARN_UNDECLARED_SELECTOR = YES;
				GCC_WARN_UNINITIALIZED_AUTOS = YES_AGGRESSIVE;
				GCC_WARN_UNUSED_FUNCTION = YES;
				GCC_WARN_UNUSED_VARIABLE = YES;
				IPHONEOS_DEPLOYMENT_TARGET = 17.2;
				LOCALIZATION_PREFERS_STRING_CATALOGS = YES;
				MTL_ENABLE_DEBUG_INFO = NO;
				MTL_FAST_MATH = YES;
				SDKROOT = iphoneos;
				SWIFT_COMPILATION_MODE = wholemodule;
				VALIDATE_PRODUCT = YES;
			};
			name = Release;
		};
		FAF493632DD73AB0008A3034 /* Debug */ = {
			isa = XCBuildConfiguration;
			baseConfigurationReference = DF3EC59036E6903779101D58 /* Pods-LaundryApp.debug.xcconfig */;
			buildSettings = {
				ASSETCATALOG_COMPILER_APPICON_NAME = AppIcon;
				ASSETCATALOG_COMPILER_GLOBAL_ACCENT_COLOR_NAME = AccentColor;
				CODE_SIGN_STYLE = Automatic;
				CURRENT_PROJECT_VERSION = 1;
				DEVELOPMENT_TEAM = MZ5MU4E2SQ;
				GENERATE_INFOPLIST_FILE = YES;
				INFOPLIST_FILE = LaundryApp/Info.plist;
				INFOPLIST_KEY_UIApplicationSupportsIndirectInputEvents = YES;
				INFOPLIST_KEY_UILaunchStoryboardName = LaunchScreen;
				INFOPLIST_KEY_UIMainStoryboardFile = Main;
				INFOPLIST_KEY_UISupportedInterfaceOrientations_iPad = "UIInterfaceOrientationPortrait UIInterfaceOrientationPortraitUpsideDown UIInterfaceOrientationLandscapeLeft UIInterfaceOrientationLandscapeRight";
				INFOPLIST_KEY_UISupportedInterfaceOrientations_iPhone = "UIInterfaceOrientationPortrait UIInterfaceOrientationLandscapeLeft UIInterfaceOrientationLandscapeRight";
				LD_RUNPATH_SEARCH_PATHS = (
					"$(inherited)",
					"@executable_path/Frameworks",
				);
				MARKETING_VERSION = 1.0;
				PRODUCT_BUNDLE_IDENTIFIER = com.ogesInfotech.LaundryApp;
				PRODUCT_NAME = "$(TARGET_NAME)";
				SWIFT_EMIT_LOC_STRINGS = YES;
				SWIFT_VERSION = 5.0;
				TARGETED_DEVICE_FAMILY = "1,2";
			};
			name = Debug;
		};
		FAF493642DD73AB0008A3034 /* Release */ = {
			isa = XCBuildConfiguration;
			baseConfigurationReference = 694ADCDEE899CE1F477A1F83 /* Pods-LaundryApp.release.xcconfig */;
			buildSettings = {
				ASSETCATALOG_COMPILER_APPICON_NAME = AppIcon;
				ASSETCATALOG_COMPILER_GLOBAL_ACCENT_COLOR_NAME = AccentColor;
				CODE_SIGN_STYLE = Automatic;
				CURRENT_PROJECT_VERSION = 1;
				DEVELOPMENT_TEAM = MZ5MU4E2SQ;
				GENERATE_INFOPLIST_FILE = YES;
				INFOPLIST_FILE = LaundryApp/Info.plist;
				INFOPLIST_KEY_UIApplicationSupportsIndirectInputEvents = YES;
				INFOPLIST_KEY_UILaunchStoryboardName = LaunchScreen;
				INFOPLIST_KEY_UIMainStoryboardFile = Main;
				INFOPLIST_KEY_UISupportedInterfaceOrientations_iPad = "UIInterfaceOrientationPortrait UIInterfaceOrientationPortraitUpsideDown UIInterfaceOrientationLandscapeLeft UIInterfaceOrientationLandscapeRight";
				INFOPLIST_KEY_UISupportedInterfaceOrientations_iPhone = "UIInterfaceOrientationPortrait UIInterfaceOrientationLandscapeLeft UIInterfaceOrientationLandscapeRight";
				LD_RUNPATH_SEARCH_PATHS = (
					"$(inherited)",
					"@executable_path/Frameworks",
				);
				MARKETING_VERSION = 1.0;
				PRODUCT_BUNDLE_IDENTIFIER = com.ogesInfotech.LaundryApp;
				PRODUCT_NAME = "$(TARGET_NAME)";
				SWIFT_EMIT_LOC_STRINGS = YES;
				SWIFT_VERSION = 5.0;
				TARGETED_DEVICE_FAMILY = "1,2";
			};
			name = Release;
		};
/* End XCBuildConfiguration section */

/* Begin XCConfigurationList section */
		FAF493462DD73AAD008A3034 /* Build configuration list for PBXProject "LaundryApp" */ = {
			isa = XCConfigurationList;
			buildConfigurations = (
				FAF493602DD73AB0008A3034 /* Debug */,
				FAF493612DD73AB0008A3034 /* Release */,
			);
			defaultConfigurationIsVisible = 0;
			defaultConfigurationName = Release;
		};
		FAF493622DD73AB0008A3034 /* Build configuration list for PBXNativeTarget "LaundryApp" */ = {
			isa = XCConfigurationList;
			buildConfigurations = (
				FAF493632DD73AB0008A3034 /* Debug */,
				FAF493642DD73AB0008A3034 /* Release */,
			);
			defaultConfigurationIsVisible = 0;
			defaultConfigurationName = Release;
		};
/* End XCConfigurationList section */

/* Begin XCRemoteSwiftPackageReference section */
		FA8D686D2DDB472E00CF8FAE /* XCRemoteSwiftPackageReference "DigitEntryView" */ = {
			isa = XCRemoteSwiftPackageReference;
			repositoryURL = "https://github.com/iAmrMohamed/DigitEntryView.git";
			requirement = {
				kind = upToNextMajorVersion;
				minimumVersion = 1.0.3;
			};
		};
/* End XCRemoteSwiftPackageReference section */

/* Begin XCSwiftPackageProductDependency section */
		FA8D686E2DDB472E00CF8FAE /* DigitEntryView */ = {
			isa = XCSwiftPackageProductDependency;
			package = FA8D686D2DDB472E00CF8FAE /* XCRemoteSwiftPackageReference "DigitEntryView" */;
			productName = DigitEntryView;
		};
/* End XCSwiftPackageProductDependency section */

/* Begin XCVersionGroup section */
		FAF493572DD73AAE008A3034 /* LaundryApp.xcdatamodeld */ = {
			isa = XCVersionGroup;
			children = (
				FAF493582DD73AAE008A3034 /* LaundryApp.xcdatamodel */,
			);
			currentVersion = FAF493582DD73AAE008A3034 /* LaundryApp.xcdatamodel */;
			path = LaundryApp.xcdatamodeld;
			sourceTree = "<group>";
			versionGroupType = wrapper.xcdatamodel;
		};
/* End XCVersionGroup section */
	};
	rootObject = FAF493432DD73AAD008A3034 /* Project object */;
}
